// !$*UTF8*$!
{
	archiveVersion = 1;
	classes = {
	};
	objectVersion = 48;
	objects = {

/* Begin PBXBuildFile section */
		98A509187BAB81DDA966AB21 /* Pods_skillUpTest_7_preTests.framework in Frameworks */ = {isa = PBXBuildFile; fileRef = 0F335C9E467F47F635E9079A /* Pods_skillUpTest_7_preTests.framework */; };
		9DF7C834A1127FB60D46C7F1 /* Pods_skillUpTest_7_pre.framework in Frameworks */ = {isa = PBXBuildFile; fileRef = DB54B10A629015AA133F6681 /* Pods_skillUpTest_7_pre.framework */; };
		BE65BA961FFE006300EBE0B7 /* AppDelegate.swift in Sources */ = {isa = PBXBuildFile; fileRef = BE65BA951FFE006300EBE0B7 /* AppDelegate.swift */; };
		BE65BA9D1FFE006300EBE0B7 /* Assets.xcassets in Resources */ = {isa = PBXBuildFile; fileRef = BE65BA9C1FFE006300EBE0B7 /* Assets.xcassets */; };
		BE65BAA01FFE006300EBE0B7 /* LaunchScreen.storyboard in Resources */ = {isa = PBXBuildFile; fileRef = BE65BA9E1FFE006300EBE0B7 /* LaunchScreen.storyboard */; };
		BE65BAAB1FFE006400EBE0B7 /* skillUpTest_7_preTests.swift in Sources */ = {isa = PBXBuildFile; fileRef = BE65BAAA1FFE006400EBE0B7 /* skillUpTest_7_preTests.swift */; };
		BE65BABC1FFE015300EBE0B7 /* RealmDaoHelper.swift in Sources */ = {isa = PBXBuildFile; fileRef = BE65BABB1FFE015300EBE0B7 /* RealmDaoHelper.swift */; };
		BE65BAC01FFE0BB300EBE0B7 /* TaskDto.swift in Sources */ = {isa = PBXBuildFile; fileRef = BE65BABF1FFE0BB300EBE0B7 /* TaskDto.swift */; };
		BE65BAC21FFE0C0D00EBE0B7 /* TaskDao.swift in Sources */ = {isa = PBXBuildFile; fileRef = BE65BAC11FFE0C0D00EBE0B7 /* TaskDao.swift */; };
		BE65BAC41FFE24E300EBE0B7 /* FolderDto.swift in Sources */ = {isa = PBXBuildFile; fileRef = BE65BAC31FFE24E300EBE0B7 /* FolderDto.swift */; };
		BE65BAC61FFE255400EBE0B7 /* FolderDao.swift in Sources */ = {isa = PBXBuildFile; fileRef = BE65BAC51FFE255400EBE0B7 /* FolderDao.swift */; };
		BE65BACC1FFF69A300EBE0B7 /* MocRealmFolder.swift in Sources */ = {isa = PBXBuildFile; fileRef = BE65BACB1FFF69A300EBE0B7 /* MocRealmFolder.swift */; };
		BE65BACE1FFF6A6B00EBE0B7 /* MocRealmTask.swift in Sources */ = {isa = PBXBuildFile; fileRef = BE65BACD1FFF6A6B00EBE0B7 /* MocRealmTask.swift */; };
		BE65BAD01FFF6AD300EBE0B7 /* TaskDtoTests.swift in Sources */ = {isa = PBXBuildFile; fileRef = BE65BACF1FFF6AD300EBE0B7 /* TaskDtoTests.swift */; };
		BE65BAD21FFF6E9000EBE0B7 /* FolderDtoTests.swift in Sources */ = {isa = PBXBuildFile; fileRef = BE65BAD11FFF6E9000EBE0B7 /* FolderDtoTests.swift */; };
		BE65BAD41FFF70E300EBE0B7 /* TaskDaoTests.swift in Sources */ = {isa = PBXBuildFile; fileRef = BE65BAD31FFF70E300EBE0B7 /* TaskDaoTests.swift */; };
		BE65BAD61FFF7AE700EBE0B7 /* FolderDaoTests.swift in Sources */ = {isa = PBXBuildFile; fileRef = BE65BAD51FFF7AE700EBE0B7 /* FolderDaoTests.swift */; };
/* End PBXBuildFile section */

/* Begin PBXContainerItemProxy section */
		BE65BAA71FFE006400EBE0B7 /* PBXContainerItemProxy */ = {
			isa = PBXContainerItemProxy;
			containerPortal = BE65BA8A1FFE006300EBE0B7 /* Project object */;
			proxyType = 1;
			remoteGlobalIDString = BE65BA911FFE006300EBE0B7;
			remoteInfo = skillUpTest_7_pre;
		};
/* End PBXContainerItemProxy section */

/* Begin PBXFileReference section */
		0F335C9E467F47F635E9079A /* Pods_skillUpTest_7_preTests.framework */ = {isa = PBXFileReference; explicitFileType = wrapper.framework; includeInIndex = 0; path = Pods_skillUpTest_7_preTests.framework; sourceTree = BUILT_PRODUCTS_DIR; };
		24DED8AC78249D80116223BD /* Pods-skillUpTest_7_pre.debug.xcconfig */ = {isa = PBXFileReference; includeInIndex = 1; lastKnownFileType = text.xcconfig; name = "Pods-skillUpTest_7_pre.debug.xcconfig"; path = "Pods/Target Support Files/Pods-skillUpTest_7_pre/Pods-skillUpTest_7_pre.debug.xcconfig"; sourceTree = "<group>"; };
		3DE38F448E75FAE6DFF49496 /* Pods-skillUpTest_7_pre.release.xcconfig */ = {isa = PBXFileReference; includeInIndex = 1; lastKnownFileType = text.xcconfig; name = "Pods-skillUpTest_7_pre.release.xcconfig"; path = "Pods/Target Support Files/Pods-skillUpTest_7_pre/Pods-skillUpTest_7_pre.release.xcconfig"; sourceTree = "<group>"; };
		A6D29DB23F438582C0C4F6EA /* Pods-skillUpTest_7_preTests.release.xcconfig */ = {isa = PBXFileReference; includeInIndex = 1; lastKnownFileType = text.xcconfig; name = "Pods-skillUpTest_7_preTests.release.xcconfig"; path = "Pods/Target Support Files/Pods-skillUpTest_7_preTests/Pods-skillUpTest_7_preTests.release.xcconfig"; sourceTree = "<group>"; };
		BE65BA921FFE006300EBE0B7 /* skillUpTest_7_pre.app */ = {isa = PBXFileReference; explicitFileType = wrapper.application; includeInIndex = 0; path = skillUpTest_7_pre.app; sourceTree = BUILT_PRODUCTS_DIR; };
		BE65BA951FFE006300EBE0B7 /* AppDelegate.swift */ = {isa = PBXFileReference; lastKnownFileType = sourcecode.swift; path = AppDelegate.swift; sourceTree = "<group>"; };
		BE65BA9C1FFE006300EBE0B7 /* Assets.xcassets */ = {isa = PBXFileReference; lastKnownFileType = folder.assetcatalog; path = Assets.xcassets; sourceTree = "<group>"; };
		BE65BA9F1FFE006300EBE0B7 /* Base */ = {isa = PBXFileReference; lastKnownFileType = file.storyboard; name = Base; path = Base.lproj/LaunchScreen.storyboard; sourceTree = "<group>"; };
		BE65BAA11FFE006300EBE0B7 /* Info.plist */ = {isa = PBXFileReference; lastKnownFileType = text.plist.xml; path = Info.plist; sourceTree = "<group>"; };
		BE65BAA61FFE006400EBE0B7 /* skillUpTest_7_preTests.xctest */ = {isa = PBXFileReference; explicitFileType = wrapper.cfbundle; includeInIndex = 0; path = skillUpTest_7_preTests.xctest; sourceTree = BUILT_PRODUCTS_DIR; };
		BE65BAAA1FFE006400EBE0B7 /* skillUpTest_7_preTests.swift */ = {isa = PBXFileReference; lastKnownFileType = sourcecode.swift; path = skillUpTest_7_preTests.swift; sourceTree = "<group>"; };
		BE65BAAC1FFE006400EBE0B7 /* Info.plist */ = {isa = PBXFileReference; lastKnownFileType = text.plist.xml; path = Info.plist; sourceTree = "<group>"; };
		BE65BABB1FFE015300EBE0B7 /* RealmDaoHelper.swift */ = {isa = PBXFileReference; fileEncoding = 4; lastKnownFileType = sourcecode.swift; path = RealmDaoHelper.swift; sourceTree = "<group>"; };
		BE65BABF1FFE0BB300EBE0B7 /* TaskDto.swift */ = {isa = PBXFileReference; lastKnownFileType = sourcecode.swift; path = TaskDto.swift; sourceTree = "<group>"; };
		BE65BAC11FFE0C0D00EBE0B7 /* TaskDao.swift */ = {isa = PBXFileReference; lastKnownFileType = sourcecode.swift; path = TaskDao.swift; sourceTree = "<group>"; };
		BE65BAC31FFE24E300EBE0B7 /* FolderDto.swift */ = {isa = PBXFileReference; lastKnownFileType = sourcecode.swift; path = FolderDto.swift; sourceTree = "<group>"; };
		BE65BAC51FFE255400EBE0B7 /* FolderDao.swift */ = {isa = PBXFileReference; lastKnownFileType = sourcecode.swift; path = FolderDao.swift; sourceTree = "<group>"; };
		BE65BACB1FFF69A300EBE0B7 /* MocRealmFolder.swift */ = {isa = PBXFileReference; lastKnownFileType = sourcecode.swift; path = MocRealmFolder.swift; sourceTree = "<group>"; };
		BE65BACD1FFF6A6B00EBE0B7 /* MocRealmTask.swift */ = {isa = PBXFileReference; lastKnownFileType = sourcecode.swift; path = MocRealmTask.swift; sourceTree = "<group>"; };
		BE65BACF1FFF6AD300EBE0B7 /* TaskDtoTests.swift */ = {isa = PBXFileReference; lastKnownFileType = sourcecode.swift; path = TaskDtoTests.swift; sourceTree = "<group>"; };
		BE65BAD11FFF6E9000EBE0B7 /* FolderDtoTests.swift */ = {isa = PBXFileReference; lastKnownFileType = sourcecode.swift; path = FolderDtoTests.swift; sourceTree = "<group>"; };
		BE65BAD31FFF70E300EBE0B7 /* TaskDaoTests.swift */ = {isa = PBXFileReference; lastKnownFileType = sourcecode.swift; path = TaskDaoTests.swift; sourceTree = "<group>"; };
		BE65BAD51FFF7AE700EBE0B7 /* FolderDaoTests.swift */ = {isa = PBXFileReference; lastKnownFileType = sourcecode.swift; path = FolderDaoTests.swift; sourceTree = "<group>"; };
		CCF96E37C979684CF6F4DAE3 /* Pods-skillUpTest_7_preTests.debug.xcconfig */ = {isa = PBXFileReference; includeInIndex = 1; lastKnownFileType = text.xcconfig; name = "Pods-skillUpTest_7_preTests.debug.xcconfig"; path = "Pods/Target Support Files/Pods-skillUpTest_7_preTests/Pods-skillUpTest_7_preTests.debug.xcconfig"; sourceTree = "<group>"; };
		DB54B10A629015AA133F6681 /* Pods_skillUpTest_7_pre.framework */ = {isa = PBXFileReference; explicitFileType = wrapper.framework; includeInIndex = 0; path = Pods_skillUpTest_7_pre.framework; sourceTree = BUILT_PRODUCTS_DIR; };
/* End PBXFileReference section */

/* Begin PBXFrameworksBuildPhase section */
		BE65BA8F1FFE006300EBE0B7 /* Frameworks */ = {
			isa = PBXFrameworksBuildPhase;
			buildActionMask = 2147483647;
			files = (
				9DF7C834A1127FB60D46C7F1 /* Pods_skillUpTest_7_pre.framework in Frameworks */,
			);
			runOnlyForDeploymentPostprocessing = 0;
		};
		BE65BAA31FFE006400EBE0B7 /* Frameworks */ = {
			isa = PBXFrameworksBuildPhase;
			buildActionMask = 2147483647;
			files = (
				98A509187BAB81DDA966AB21 /* Pods_skillUpTest_7_preTests.framework in Frameworks */,
			);
			runOnlyForDeploymentPostprocessing = 0;
		};
/* End PBXFrameworksBuildPhase section */

/* Begin PBXGroup section */
		5625BD25333967D69D369A28 /* Frameworks */ = {
			isa = PBXGroup;
			children = (
				DB54B10A629015AA133F6681 /* Pods_skillUpTest_7_pre.framework */,
				0F335C9E467F47F635E9079A /* Pods_skillUpTest_7_preTests.framework */,
			);
			name = Frameworks;
			sourceTree = "<group>";
		};
		BCD0F7C556F963FD5FA7C6C5 /* Pods */ = {
			isa = PBXGroup;
			children = (
				24DED8AC78249D80116223BD /* Pods-skillUpTest_7_pre.debug.xcconfig */,
				3DE38F448E75FAE6DFF49496 /* Pods-skillUpTest_7_pre.release.xcconfig */,
				CCF96E37C979684CF6F4DAE3 /* Pods-skillUpTest_7_preTests.debug.xcconfig */,
				A6D29DB23F438582C0C4F6EA /* Pods-skillUpTest_7_preTests.release.xcconfig */,
			);
			name = Pods;
			sourceTree = "<group>";
		};
		BE65BA891FFE006300EBE0B7 = {
			isa = PBXGroup;
			children = (
				BE65BA941FFE006300EBE0B7 /* skillUpTest_7_pre */,
				BE65BAA91FFE006400EBE0B7 /* skillUpTest_7_preTests */,
				BE65BA931FFE006300EBE0B7 /* Products */,
				BCD0F7C556F963FD5FA7C6C5 /* Pods */,
				5625BD25333967D69D369A28 /* Frameworks */,
			);
			sourceTree = "<group>";
		};
		BE65BA931FFE006300EBE0B7 /* Products */ = {
			isa = PBXGroup;
			children = (
				BE65BA921FFE006300EBE0B7 /* skillUpTest_7_pre.app */,
				BE65BAA61FFE006400EBE0B7 /* skillUpTest_7_preTests.xctest */,
			);
			name = Products;
			sourceTree = "<group>";
		};
		BE65BA941FFE006300EBE0B7 /* skillUpTest_7_pre */ = {
			isa = PBXGroup;
			children = (
				BE65BABA1FFE015300EBE0B7 /* Helpers */,
				BE65BAB91FFE00C800EBE0B7 /* Models */,
				BE65BAB81FFE00C200EBE0B7 /* Views */,
				BE65BAB61FFE00A700EBE0B7 /* Controllers */,
				BE65BAB51FFE009300EBE0B7 /* Others */,
			);
			path = skillUpTest_7_pre;
			sourceTree = "<group>";
		};
		BE65BAA91FFE006400EBE0B7 /* skillUpTest_7_preTests */ = {
			isa = PBXGroup;
			children = (
				BE65BACA1FFF698100EBE0B7 /* Moc */,
				BE65BAC71FFF68DD00EBE0B7 /* Models */,
				BE65BAAA1FFE006400EBE0B7 /* skillUpTest_7_preTests.swift */,
				BE65BAAC1FFE006400EBE0B7 /* Info.plist */,
			);
			path = skillUpTest_7_preTests;
			sourceTree = "<group>";
		};
		BE65BAB51FFE009300EBE0B7 /* Others */ = {
			isa = PBXGroup;
			children = (
				BE65BA951FFE006300EBE0B7 /* AppDelegate.swift */,
				BE65BA9C1FFE006300EBE0B7 /* Assets.xcassets */,
				BE65BAA11FFE006300EBE0B7 /* Info.plist */,
			);
			path = Others;
			sourceTree = "<group>";
		};
		BE65BAB61FFE00A700EBE0B7 /* Controllers */ = {
			isa = PBXGroup;
			children = (
				BE65BAB71FFE00B000EBE0B7 /* LaunchScreen */,
			);
			path = Controllers;
			sourceTree = "<group>";
		};
		BE65BAB71FFE00B000EBE0B7 /* LaunchScreen */ = {
			isa = PBXGroup;
			children = (
				BE65BA9E1FFE006300EBE0B7 /* LaunchScreen.storyboard */,
			);
			path = LaunchScreen;
			sourceTree = "<group>";
		};
		BE65BAB81FFE00C200EBE0B7 /* Views */ = {
			isa = PBXGroup;
			children = (
			);
			path = Views;
			sourceTree = "<group>";
		};
		BE65BAB91FFE00C800EBE0B7 /* Models */ = {
			isa = PBXGroup;
			children = (
				BE65BABE1FFE0B8000EBE0B7 /* Task */,
				BE65BABD1FFE0B7400EBE0B7 /* Folder */,
			);
			path = Models;
			sourceTree = "<group>";
		};
		BE65BABA1FFE015300EBE0B7 /* Helpers */ = {
			isa = PBXGroup;
			children = (
				BE65BABB1FFE015300EBE0B7 /* RealmDaoHelper.swift */,
			);
			path = Helpers;
			sourceTree = "<group>";
		};
		BE65BABD1FFE0B7400EBE0B7 /* Folder */ = {
			isa = PBXGroup;
			children = (
				BE65BAC31FFE24E300EBE0B7 /* FolderDto.swift */,
				BE65BAC51FFE255400EBE0B7 /* FolderDao.swift */,
			);
			path = Folder;
			sourceTree = "<group>";
		};
		BE65BABE1FFE0B8000EBE0B7 /* Task */ = {
			isa = PBXGroup;
			children = (
				BE65BABF1FFE0BB300EBE0B7 /* TaskDto.swift */,
				BE65BAC11FFE0C0D00EBE0B7 /* TaskDao.swift */,
			);
			path = Task;
			sourceTree = "<group>";
		};
		BE65BAC71FFF68DD00EBE0B7 /* Models */ = {
			isa = PBXGroup;
			children = (
				BE65BAC91FFF68F200EBE0B7 /* Task */,
				BE65BAC81FFF68E900EBE0B7 /* Folder */,
			);
			path = Models;
			sourceTree = "<group>";
		};
		BE65BAC81FFF68E900EBE0B7 /* Folder */ = {
			isa = PBXGroup;
			children = (
				BE65BAD11FFF6E9000EBE0B7 /* FolderDtoTests.swift */,
				BE65BAD51FFF7AE700EBE0B7 /* FolderDaoTests.swift */,
			);
			path = Folder;
			sourceTree = "<group>";
		};
		BE65BAC91FFF68F200EBE0B7 /* Task */ = {
			isa = PBXGroup;
			children = (
				BE65BACF1FFF6AD300EBE0B7 /* TaskDtoTests.swift */,
				BE65BAD31FFF70E300EBE0B7 /* TaskDaoTests.swift */,
			);
			path = Task;
			sourceTree = "<group>";
		};
		BE65BACA1FFF698100EBE0B7 /* Moc */ = {
			isa = PBXGroup;
			children = (
				BE65BACB1FFF69A300EBE0B7 /* MocRealmFolder.swift */,
				BE65BACD1FFF6A6B00EBE0B7 /* MocRealmTask.swift */,
			);
			path = Moc;
			sourceTree = "<group>";
		};
/* End PBXGroup section */

/* Begin PBXNativeTarget section */
		BE65BA911FFE006300EBE0B7 /* skillUpTest_7_pre */ = {
			isa = PBXNativeTarget;
			buildConfigurationList = BE65BAAF1FFE006400EBE0B7 /* Build configuration list for PBXNativeTarget "skillUpTest_7_pre" */;
			buildPhases = (
				ADB979E8657E1617719A7581 /* [CP] Check Pods Manifest.lock */,
				BE65BA8E1FFE006300EBE0B7 /* Sources */,
				BE65BA8F1FFE006300EBE0B7 /* Frameworks */,
				BE65BA901FFE006300EBE0B7 /* Resources */,
				90DCCD96F7D8F46EBC113F4E /* [CP] Embed Pods Frameworks */,
				28B8F3E846AE66D2884BB9E6 /* [CP] Copy Pods Resources */,
			);
			buildRules = (
			);
			dependencies = (
			);
			name = skillUpTest_7_pre;
			productName = skillUpTest_7_pre;
			productReference = BE65BA921FFE006300EBE0B7 /* skillUpTest_7_pre.app */;
			productType = "com.apple.product-type.application";
		};
		BE65BAA51FFE006400EBE0B7 /* skillUpTest_7_preTests */ = {
			isa = PBXNativeTarget;
			buildConfigurationList = BE65BAB21FFE006400EBE0B7 /* Build configuration list for PBXNativeTarget "skillUpTest_7_preTests" */;
			buildPhases = (
				B216508985585225C4B5EA6D /* [CP] Check Pods Manifest.lock */,
				BE65BAA21FFE006400EBE0B7 /* Sources */,
				BE65BAA31FFE006400EBE0B7 /* Frameworks */,
				BE65BAA41FFE006400EBE0B7 /* Resources */,
				68AAD71FAF3F81DEEF571F25 /* [CP] Embed Pods Frameworks */,
				A6428B3B3B09A192E105845E /* [CP] Copy Pods Resources */,
			);
			buildRules = (
			);
			dependencies = (
				BE65BAA81FFE006400EBE0B7 /* PBXTargetDependency */,
			);
			name = skillUpTest_7_preTests;
			productName = skillUpTest_7_preTests;
			productReference = BE65BAA61FFE006400EBE0B7 /* skillUpTest_7_preTests.xctest */;
			productType = "com.apple.product-type.bundle.unit-test";
		};
/* End PBXNativeTarget section */

/* Begin PBXProject section */
		BE65BA8A1FFE006300EBE0B7 /* Project object */ = {
			isa = PBXProject;
			attributes = {
				LastSwiftUpdateCheck = 0910;
				LastUpgradeCheck = 0910;
				ORGANIZATIONNAME = "Seidi Nakamura";
				TargetAttributes = {
					BE65BA911FFE006300EBE0B7 = {
						CreatedOnToolsVersion = 9.1;
						ProvisioningStyle = Automatic;
					};
					BE65BAA51FFE006400EBE0B7 = {
						CreatedOnToolsVersion = 9.1;
						ProvisioningStyle = Automatic;
						TestTargetID = BE65BA911FFE006300EBE0B7;
					};
				};
			};
			buildConfigurationList = BE65BA8D1FFE006300EBE0B7 /* Build configuration list for PBXProject "skillUpTest_7_pre" */;
			compatibilityVersion = "Xcode 8.0";
			developmentRegion = en;
			hasScannedForEncodings = 0;
			knownRegions = (
				en,
				Base,
			);
			mainGroup = BE65BA891FFE006300EBE0B7;
			productRefGroup = BE65BA931FFE006300EBE0B7 /* Products */;
			projectDirPath = "";
			projectRoot = "";
			targets = (
				BE65BA911FFE006300EBE0B7 /* skillUpTest_7_pre */,
				BE65BAA51FFE006400EBE0B7 /* skillUpTest_7_preTests */,
			);
		};
/* End PBXProject section */

/* Begin PBXResourcesBuildPhase section */
		BE65BA901FFE006300EBE0B7 /* Resources */ = {
			isa = PBXResourcesBuildPhase;
			buildActionMask = 2147483647;
			files = (
				BE65BAA01FFE006300EBE0B7 /* LaunchScreen.storyboard in Resources */,
				BE65BA9D1FFE006300EBE0B7 /* Assets.xcassets in Resources */,
			);
			runOnlyForDeploymentPostprocessing = 0;
		};
		BE65BAA41FFE006400EBE0B7 /* Resources */ = {
			isa = PBXResourcesBuildPhase;
			buildActionMask = 2147483647;
			files = (
			);
			runOnlyForDeploymentPostprocessing = 0;
		};
/* End PBXResourcesBuildPhase section */

/* Begin PBXShellScriptBuildPhase section */
		28B8F3E846AE66D2884BB9E6 /* [CP] Copy Pods Resources */ = {
			isa = PBXShellScriptBuildPhase;
			buildActionMask = 2147483647;
			files = (
			);
			inputPaths = (
			);
			name = "[CP] Copy Pods Resources";
			outputPaths = (
			);
			runOnlyForDeploymentPostprocessing = 0;
			shellPath = /bin/sh;
			shellScript = "\"${SRCROOT}/Pods/Target Support Files/Pods-skillUpTest_7_pre/Pods-skillUpTest_7_pre-resources.sh\"\n";
			showEnvVarsInLog = 0;
		};
		68AAD71FAF3F81DEEF571F25 /* [CP] Embed Pods Frameworks */ = {
			isa = PBXShellScriptBuildPhase;
			buildActionMask = 2147483647;
			files = (
			);
			inputPaths = (
				"${SRCROOT}/Pods/Target Support Files/Pods-skillUpTest_7_preTests/Pods-skillUpTest_7_preTests-frameworks.sh",
				"${BUILT_PRODUCTS_DIR}/Realm/Realm.framework",
				"${BUILT_PRODUCTS_DIR}/RealmSwift/RealmSwift.framework",
				"${BUILT_PRODUCTS_DIR}/STV-Extensions/STV_Extensions.framework",
			);
			name = "[CP] Embed Pods Frameworks";
			outputPaths = (
				"${TARGET_BUILD_DIR}/${FRAMEWORKS_FOLDER_PATH}/Realm.framework",
				"${TARGET_BUILD_DIR}/${FRAMEWORKS_FOLDER_PATH}/RealmSwift.framework",
				"${TARGET_BUILD_DIR}/${FRAMEWORKS_FOLDER_PATH}/STV_Extensions.framework",
			);
			runOnlyForDeploymentPostprocessing = 0;
			shellPath = /bin/sh;
			shellScript = "\"${SRCROOT}/Pods/Target Support Files/Pods-skillUpTest_7_preTests/Pods-skillUpTest_7_preTests-frameworks.sh\"\n";
			showEnvVarsInLog = 0;
		};
		90DCCD96F7D8F46EBC113F4E /* [CP] Embed Pods Frameworks */ = {
			isa = PBXShellScriptBuildPhase;
			buildActionMask = 2147483647;
			files = (
			);
			inputPaths = (
				"${SRCROOT}/Pods/Target Support Files/Pods-skillUpTest_7_pre/Pods-skillUpTest_7_pre-frameworks.sh",
				"${BUILT_PRODUCTS_DIR}/Realm/Realm.framework",
				"${BUILT_PRODUCTS_DIR}/RealmSwift/RealmSwift.framework",
				"${BUILT_PRODUCTS_DIR}/STV-Extensions/STV_Extensions.framework",
			);
			name = "[CP] Embed Pods Frameworks";
			outputPaths = (
				"${TARGET_BUILD_DIR}/${FRAMEWORKS_FOLDER_PATH}/Realm.framework",
				"${TARGET_BUILD_DIR}/${FRAMEWORKS_FOLDER_PATH}/RealmSwift.framework",
				"${TARGET_BUILD_DIR}/${FRAMEWORKS_FOLDER_PATH}/STV_Extensions.framework",
			);
			runOnlyForDeploymentPostprocessing = 0;
			shellPath = /bin/sh;
			shellScript = "\"${SRCROOT}/Pods/Target Support Files/Pods-skillUpTest_7_pre/Pods-skillUpTest_7_pre-frameworks.sh\"\n";
			showEnvVarsInLog = 0;
		};
		A6428B3B3B09A192E105845E /* [CP] Copy Pods Resources */ = {
			isa = PBXShellScriptBuildPhase;
			buildActionMask = 2147483647;
			files = (
			);
			inputPaths = (
			);
			name = "[CP] Copy Pods Resources";
			outputPaths = (
			);
			runOnlyForDeploymentPostprocessing = 0;
			shellPath = /bin/sh;
			shellScript = "\"${SRCROOT}/Pods/Target Support Files/Pods-skillUpTest_7_preTests/Pods-skillUpTest_7_preTests-resources.sh\"\n";
			showEnvVarsInLog = 0;
		};
		ADB979E8657E1617719A7581 /* [CP] Check Pods Manifest.lock */ = {
			isa = PBXShellScriptBuildPhase;
			buildActionMask = 2147483647;
			files = (
			);
			inputPaths = (
				"${PODS_PODFILE_DIR_PATH}/Podfile.lock",
				"${PODS_ROOT}/Manifest.lock",
			);
			name = "[CP] Check Pods Manifest.lock";
			outputPaths = (
				"$(DERIVED_FILE_DIR)/Pods-skillUpTest_7_pre-checkManifestLockResult.txt",
			);
			runOnlyForDeploymentPostprocessing = 0;
			shellPath = /bin/sh;
			shellScript = "diff \"${PODS_PODFILE_DIR_PATH}/Podfile.lock\" \"${PODS_ROOT}/Manifest.lock\" > /dev/null\nif [ $? != 0 ] ; then\n    # print error to STDERR\n    echo \"error: The sandbox is not in sync with the Podfile.lock. Run 'pod install' or update your CocoaPods installation.\" >&2\n    exit 1\nfi\n# This output is used by Xcode 'outputs' to avoid re-running this script phase.\necho \"SUCCESS\" > \"${SCRIPT_OUTPUT_FILE_0}\"\n";
			showEnvVarsInLog = 0;
		};
		B216508985585225C4B5EA6D /* [CP] Check Pods Manifest.lock */ = {
			isa = PBXShellScriptBuildPhase;
			buildActionMask = 2147483647;
			files = (
			);
			inputPaths = (
				"${PODS_PODFILE_DIR_PATH}/Podfile.lock",
				"${PODS_ROOT}/Manifest.lock",
			);
			name = "[CP] Check Pods Manifest.lock";
			outputPaths = (
				"$(DERIVED_FILE_DIR)/Pods-skillUpTest_7_preTests-checkManifestLockResult.txt",
			);
			runOnlyForDeploymentPostprocessing = 0;
			shellPath = /bin/sh;
			shellScript = "diff \"${PODS_PODFILE_DIR_PATH}/Podfile.lock\" \"${PODS_ROOT}/Manifest.lock\" > /dev/null\nif [ $? != 0 ] ; then\n    # print error to STDERR\n    echo \"error: The sandbox is not in sync with the Podfile.lock. Run 'pod install' or update your CocoaPods installation.\" >&2\n    exit 1\nfi\n# This output is used by Xcode 'outputs' to avoid re-running this script phase.\necho \"SUCCESS\" > \"${SCRIPT_OUTPUT_FILE_0}\"\n";
			showEnvVarsInLog = 0;
		};
/* End PBXShellScriptBuildPhase section */

/* Begin PBXSourcesBuildPhase section */
		BE65BA8E1FFE006300EBE0B7 /* Sources */ = {
			isa = PBXSourcesBuildPhase;
			buildActionMask = 2147483647;
			files = (
				BE65BAC61FFE255400EBE0B7 /* FolderDao.swift in Sources */,
				BE65BABC1FFE015300EBE0B7 /* RealmDaoHelper.swift in Sources */,
				BE65BA961FFE006300EBE0B7 /* AppDelegate.swift in Sources */,
				BE65BAC01FFE0BB300EBE0B7 /* TaskDto.swift in Sources */,
				BE65BAC21FFE0C0D00EBE0B7 /* TaskDao.swift in Sources */,
				BE65BAC41FFE24E300EBE0B7 /* FolderDto.swift in Sources */,
			);
			runOnlyForDeploymentPostprocessing = 0;
		};
		BE65BAA21FFE006400EBE0B7 /* Sources */ = {
			isa = PBXSourcesBuildPhase;
			buildActionMask = 2147483647;
			files = (
				BE65BACE1FFF6A6B00EBE0B7 /* MocRealmTask.swift in Sources */,
				BE65BAAB1FFE006400EBE0B7 /* skillUpTest_7_preTests.swift in Sources */,
				BE65BAD01FFF6AD300EBE0B7 /* TaskDtoTests.swift in Sources */,
				BE65BACC1FFF69A300EBE0B7 /* MocRealmFolder.swift in Sources */,
				BE65BAD61FFF7AE700EBE0B7 /* FolderDaoTests.swift in Sources */,
				BE65BAD21FFF6E9000EBE0B7 /* FolderDtoTests.swift in Sources */,
				BE65BAD41FFF70E300EBE0B7 /* TaskDaoTests.swift in Sources */,
			);
			runOnlyForDeploymentPostprocessing = 0;
		};
/* End PBXSourcesBuildPhase section */

/* Begin PBXTargetDependency section */
		BE65BAA81FFE006400EBE0B7 /* PBXTargetDependency */ = {
			isa = PBXTargetDependency;
			target = BE65BA911FFE006300EBE0B7 /* skillUpTest_7_pre */;
			targetProxy = BE65BAA71FFE006400EBE0B7 /* PBXContainerItemProxy */;
		};
/* End PBXTargetDependency section */

/* Begin PBXVariantGroup section */
		BE65BA9E1FFE006300EBE0B7 /* LaunchScreen.storyboard */ = {
			isa = PBXVariantGroup;
			children = (
				BE65BA9F1FFE006300EBE0B7 /* Base */,
			);
			name = LaunchScreen.storyboard;
			sourceTree = "<group>";
		};
/* End PBXVariantGroup section */

/* Begin XCBuildConfiguration section */
		BE65BAAD1FFE006400EBE0B7 /* Debug */ = {
			isa = XCBuildConfiguration;
			buildSettings = {
				ALWAYS_SEARCH_USER_PATHS = NO;
				CLANG_ANALYZER_NONNULL = YES;
				CLANG_ANALYZER_NUMBER_OBJECT_CONVERSION = YES_AGGRESSIVE;
				CLANG_CXX_LANGUAGE_STANDARD = "gnu++14";
				CLANG_CXX_LIBRARY = "libc++";
				CLANG_ENABLE_MODULES = YES;
				CLANG_ENABLE_OBJC_ARC = YES;
				CLANG_WARN_BLOCK_CAPTURE_AUTORELEASING = YES;
				CLANG_WARN_BOOL_CONVERSION = YES;
				CLANG_WARN_COMMA = YES;
				CLANG_WARN_CONSTANT_CONVERSION = YES;
				CLANG_WARN_DIRECT_OBJC_ISA_USAGE = YES_ERROR;
				CLANG_WARN_DOCUMENTATION_COMMENTS = YES;
				CLANG_WARN_EMPTY_BODY = YES;
				CLANG_WARN_ENUM_CONVERSION = YES;
				CLANG_WARN_INFINITE_RECURSION = YES;
				CLANG_WARN_INT_CONVERSION = YES;
				CLANG_WARN_NON_LITERAL_NULL_CONVERSION = YES;
				CLANG_WARN_OBJC_LITERAL_CONVERSION = YES;
				CLANG_WARN_OBJC_ROOT_CLASS = YES_ERROR;
				CLANG_WARN_RANGE_LOOP_ANALYSIS = YES;
				CLANG_WARN_STRICT_PROTOTYPES = YES;
				CLANG_WARN_SUSPICIOUS_MOVE = YES;
				CLANG_WARN_UNGUARDED_AVAILABILITY = YES_AGGRESSIVE;
				CLANG_WARN_UNREACHABLE_CODE = YES;
				CLANG_WARN__DUPLICATE_METHOD_MATCH = YES;
				CODE_SIGN_IDENTITY = "iPhone Developer";
				COPY_PHASE_STRIP = NO;
				DEBUG_INFORMATION_FORMAT = dwarf;
				ENABLE_STRICT_OBJC_MSGSEND = YES;
				ENABLE_TESTABILITY = YES;
				GCC_C_LANGUAGE_STANDARD = gnu11;
				GCC_DYNAMIC_NO_PIC = NO;
				GCC_NO_COMMON_BLOCKS = YES;
				GCC_OPTIMIZATION_LEVEL = 0;
				GCC_PREPROCESSOR_DEFINITIONS = (
					"DEBUG=1",
					"$(inherited)",
				);
				GCC_WARN_64_TO_32_BIT_CONVERSION = YES;
				GCC_WARN_ABOUT_RETURN_TYPE = YES_ERROR;
				GCC_WARN_UNDECLARED_SELECTOR = YES;
				GCC_WARN_UNINITIALIZED_AUTOS = YES_AGGRESSIVE;
				GCC_WARN_UNUSED_FUNCTION = YES;
				GCC_WARN_UNUSED_VARIABLE = YES;
				IPHONEOS_DEPLOYMENT_TARGET = 11.1;
				MTL_ENABLE_DEBUG_INFO = YES;
				ONLY_ACTIVE_ARCH = YES;
				SDKROOT = iphoneos;
				SWIFT_ACTIVE_COMPILATION_CONDITIONS = DEBUG;
				SWIFT_OPTIMIZATION_LEVEL = "-Onone";
			};
			name = Debug;
		};
		BE65BAAE1FFE006400EBE0B7 /* Release */ = {
			isa = XCBuildConfiguration;
			buildSettings = {
				ALWAYS_SEARCH_USER_PATHS = NO;
				CLANG_ANALYZER_NONNULL = YES;
				CLANG_ANALYZER_NUMBER_OBJECT_CONVERSION = YES_AGGRESSIVE;
				CLANG_CXX_LANGUAGE_STANDARD = "gnu++14";
				CLANG_CXX_LIBRARY = "libc++";
				CLANG_ENABLE_MODULES = YES;
				CLANG_ENABLE_OBJC_ARC = YES;
				CLANG_WARN_BLOCK_CAPTURE_AUTORELEASING = YES;
				CLANG_WARN_BOOL_CONVERSION = YES;
				CLANG_WARN_COMMA = YES;
				CLANG_WARN_CONSTANT_CONVERSION = YES;
				CLANG_WARN_DIRECT_OBJC_ISA_USAGE = YES_ERROR;
				CLANG_WARN_DOCUMENTATION_COMMENTS = YES;
				CLANG_WARN_EMPTY_BODY = YES;
				CLANG_WARN_ENUM_CONVERSION = YES;
				CLANG_WARN_INFINITE_RECURSION = YES;
				CLANG_WARN_INT_CONVERSION = YES;
				CLANG_WARN_NON_LITERAL_NULL_CONVERSION = YES;
				CLANG_WARN_OBJC_LITERAL_CONVERSION = YES;
				CLANG_WARN_OBJC_ROOT_CLASS = YES_ERROR;
				CLANG_WARN_RANGE_LOOP_ANALYSIS = YES;
				CLANG_WARN_STRICT_PROTOTYPES = YES;
				CLANG_WARN_SUSPICIOUS_MOVE = YES;
				CLANG_WARN_UNGUARDED_AVAILABILITY = YES_AGGRESSIVE;
				CLANG_WARN_UNREACHABLE_CODE = YES;
				CLANG_WARN__DUPLICATE_METHOD_MATCH = YES;
				CODE_SIGN_IDENTITY = "iPhone Developer";
				COPY_PHASE_STRIP = NO;
				DEBUG_INFORMATION_FORMAT = "dwarf-with-dsym";
				ENABLE_NS_ASSERTIONS = NO;
				ENABLE_STRICT_OBJC_MSGSEND = YES;
				GCC_C_LANGUAGE_STANDARD = gnu11;
				GCC_NO_COMMON_BLOCKS = YES;
				GCC_WARN_64_TO_32_BIT_CONVERSION = YES;
				GCC_WARN_ABOUT_RETURN_TYPE = YES_ERROR;
				GCC_WARN_UNDECLARED_SELECTOR = YES;
				GCC_WARN_UNINITIALIZED_AUTOS = YES_AGGRESSIVE;
				GCC_WARN_UNUSED_FUNCTION = YES;
				GCC_WARN_UNUSED_VARIABLE = YES;
				IPHONEOS_DEPLOYMENT_TARGET = 11.1;
				MTL_ENABLE_DEBUG_INFO = NO;
				SDKROOT = iphoneos;
				SWIFT_OPTIMIZATION_LEVEL = "-Owholemodule";
				VALIDATE_PRODUCT = YES;
			};
			name = Release;
		};
		BE65BAB01FFE006400EBE0B7 /* Debug */ = {
			isa = XCBuildConfiguration;
			baseConfigurationReference = 24DED8AC78249D80116223BD /* Pods-skillUpTest_7_pre.debug.xcconfig */;
			buildSettings = {
				ASSETCATALOG_COMPILER_APPICON_NAME = AppIcon;
				CODE_SIGN_STYLE = Automatic;
				INFOPLIST_FILE = "$(SRCROOT)/skillUpTest_7_pre/Others/Info.plist";
				LD_RUNPATH_SEARCH_PATHS = "$(inherited) @executable_path/Frameworks";
				PRODUCT_BUNDLE_IDENTIFIER = "jp.ac.neec.skillUpTest-7-pre";
				PRODUCT_NAME = "$(TARGET_NAME)";
				SWIFT_VERSION = 4.0;
				TARGETED_DEVICE_FAMILY = "1,2";
			};
			name = Debug;
		};
		BE65BAB11FFE006400EBE0B7 /* Release */ = {
			isa = XCBuildConfiguration;
			baseConfigurationReference = 3DE38F448E75FAE6DFF49496 /* Pods-skillUpTest_7_pre.release.xcconfig */;
			buildSettings = {
				ASSETCATALOG_COMPILER_APPICON_NAME = AppIcon;
				CODE_SIGN_STYLE = Automatic;
				INFOPLIST_FILE = "$(SRCROOT)/skillUpTest_7_pre/Others/Info.plist";
				LD_RUNPATH_SEARCH_PATHS = "$(inherited) @executable_path/Frameworks";
				PRODUCT_BUNDLE_IDENTIFIER = "jp.ac.neec.skillUpTest-7-pre";
				PRODUCT_NAME = "$(TARGET_NAME)";
				SWIFT_VERSION = 4.0;
				TARGETED_DEVICE_FAMILY = "1,2";
			};
			name = Release;
		};
		BE65BAB31FFE006400EBE0B7 /* Debug */ = {
			isa = XCBuildConfiguration;
			baseConfigurationReference = CCF96E37C979684CF6F4DAE3 /* Pods-skillUpTest_7_preTests.debug.xcconfig */;
			buildSettings = {
				ALWAYS_EMBED_SWIFT_STANDARD_LIBRARIES = YES;
				BUNDLE_LOADER = "$(TEST_HOST)";
				CODE_SIGN_STYLE = Automatic;
				INFOPLIST_FILE = skillUpTest_7_preTests/Info.plist;
				LD_RUNPATH_SEARCH_PATHS = "$(inherited) @executable_path/Frameworks @loader_path/Frameworks";
				PRODUCT_BUNDLE_IDENTIFIER = "jp.ac.neec.skillUpTest-7-preTests";
				PRODUCT_NAME = "$(TARGET_NAME)";
				SWIFT_VERSION = 4.0;
				TARGETED_DEVICE_FAMILY = "1,2";
				TEST_HOST = "$(BUILT_PRODUCTS_DIR)/skillUpTest_7_pre.app/skillUpTest_7_pre";
			};
			name = Debug;
		};
		BE65BAB41FFE006400EBE0B7 /* Release */ = {
			isa = XCBuildConfiguration;
			baseConfigurationReference = A6D29DB23F438582C0C4F6EA /* Pods-skillUpTest_7_preTests.release.xcconfig */;
			buildSettings = {
				ALWAYS_EMBED_SWIFT_STANDARD_LIBRARIES = YES;
				BUNDLE_LOADER = "$(TEST_HOST)";
				CODE_SIGN_STYLE = Automatic;
				INFOPLIST_FILE = skillUpTest_7_preTests/Info.plist;
				LD_RUNPATH_SEARCH_PATHS = "$(inherited) @executable_path/Frameworks @loader_path/Frameworks";
				PRODUCT_BUNDLE_IDENTIFIER = "jp.ac.neec.skillUpTest-7-preTests";
				PRODUCT_NAME = "$(TARGET_NAME)";
				SWIFT_VERSION = 4.0;
				TARGETED_DEVICE_FAMILY = "1,2";
				TEST_HOST = "$(BUILT_PRODUCTS_DIR)/skillUpTest_7_pre.app/skillUpTest_7_pre";
			};
			name = Release;
		};
/* End XCBuildConfiguration section */

/* Begin XCConfigurationList section */
		BE65BA8D1FFE006300EBE0B7 /* Build configuration list for PBXProject "skillUpTest_7_pre" */ = {
			isa = XCConfigurationList;
			buildConfigurations = (
				BE65BAAD1FFE006400EBE0B7 /* Debug */,
				BE65BAAE1FFE006400EBE0B7 /* Release */,
			);
			defaultConfigurationIsVisible = 0;
			defaultConfigurationName = Release;
		};
		BE65BAAF1FFE006400EBE0B7 /* Build configuration list for PBXNativeTarget "skillUpTest_7_pre" */ = {
			isa = XCConfigurationList;
			buildConfigurations = (
				BE65BAB01FFE006400EBE0B7 /* Debug */,
				BE65BAB11FFE006400EBE0B7 /* Release */,
			);
			defaultConfigurationIsVisible = 0;
			defaultConfigurationName = Release;
		};
		BE65BAB21FFE006400EBE0B7 /* Build configuration list for PBXNativeTarget "skillUpTest_7_preTests" */ = {
			isa = XCConfigurationList;
			buildConfigurations = (
				BE65BAB31FFE006400EBE0B7 /* Debug */,
				BE65BAB41FFE006400EBE0B7 /* Release */,
			);
			defaultConfigurationIsVisible = 0;
			defaultConfigurationName = Release;
		};
/* End XCConfigurationList section */
	};
	rootObject = BE65BA8A1FFE006300EBE0B7 /* Project object */;
}
